{
  "version": 4,
  "terraform_version": "1.5.7",
  "serial": 3,
  "lineage": "c63215dc-1839-87d1-c0a9-71ce3ca10cd7",
  "outputs": {},
  "resources": [
    {
      "module": "module.mytomapp_prod",
      "mode": "managed",
      "type": "helm_release",
      "name": "my_chart",
      "provider": "module.mytomapp_prod.provider[\"registry.terraform.io/hashicorp/helm\"]",
      "instances": [
        {
          "schema_version": 1,
          "attributes": {
            "atomic": true,
            "chart": "../helm/mytomapp",
            "cleanup_on_fail": false,
            "create_namespace": false,
            "dependency_update": false,
            "description": null,
            "devel": null,
            "disable_crd_hooks": false,
            "disable_openapi_validation": false,
            "disable_webhooks": false,
            "force_update": true,
            "id": "mytomorrows2-prod",
            "keyring": null,
            "lint": false,
            "manifest": null,
            "max_history": 0,
            "metadata": [
              {
                "app_version": "1.0.0",
                "chart": "mytomapp",
                "name": "mytomorrows2-prod",
                "namespace": "mytom2",
                "revision": 1,
                "values": "{\"configMap\":{\"API_BASE_URL\":\"http://localhost\",\"ENVIRONMENT\":\"prod\",\"LOG_LEVEL\":\"INFO\",\"MAX_CONNECTIONS\":100},\"global\":{\"myTomAppPort\":80,\"replicas\":2},\"image\":{\"pullPolicy\":\"IfNotPresent\",\"repository\":\"195275637740.dkr.ecr.eu-central-1.amazonaws.com/mytomorrows\",\"tag\":\"latest\"},\"ingress\":{\"enabled\":false},\"secrets\":{\"DB_PASSWORD\":\"12345$abc\",\"SECRET_KEY\":\"MyTomSecret123\"},\"service\":{\"type\":\"ClusterIP\"}}",
                "version": "1.0.0"
              }
            ],
            "name": "mytomorrows2-prod",
            "namespace": "mytom2",
            "pass_credentials": false,
            "postrender": [],
            "recreate_pods": false,
            "render_subchart_notes": true,
            "replace": true,
            "repository": "test",
            "repository_ca_file": null,
            "repository_cert_file": null,
            "repository_key_file": null,
            "repository_password": null,
            "repository_username": null,
            "reset_values": false,
            "reuse_values": false,
            "set": [
              {
                "name": "global.replicas",
                "type": "",
                "value": "2"
              }
            ],
            "set_sensitive": [],
            "skip_crds": false,
            "status": "deployed",
            "timeout": 300,
            "values": [
              "image:\n  repository: 195275637740.dkr.ecr.eu-central-1.amazonaws.com/mytomorrows\n  tag: latest\n  pullPolicy: IfNotPresent\n\n#Port Flask runs on and Container is exposed on\nglobal:\n  myTomAppPort: 80\n  replicas: 5\n\ningress:\n  enabled: false\n\nservice:\n  type: ClusterIP\n\nconfigMap:\n  ENVIRONMENT: prod\n  API_BASE_URL: \"http://localhost\"\n  LOG_LEVEL: INFO\n  MAX_CONNECTIONS: 100\n\nsecrets:\n  SECRET_KEY: \"MyTomSecret123\"\n  DB_PASSWORD: \"12345$abc\"\n"
            ],
            "verify": false,
            "version": "1.0.0",
            "wait": true,
            "wait_for_jobs": false
          },
          "sensitive_attributes": [],
          "private": "eyJzY2hlbWFfdmVyc2lvbiI6IjEifQ=="
        }
      ]
    }
  ],
  "check_results": null
}
